
Microsoft Visual Studio Solution File, Format Version 12.00
# Visual Studio Version 17
VisualStudioVersion = 17.14.36408.4 d17.14
MinimumVisualStudioVersion = 10.0.40219.1
Project("{FAE04EC0-301F-11D3-BF4B-00C04F79EFBC}") = "Concept_Claves_Interfaces_POO_AP", "Concept_Claves_Interfaces_POO_AP\Concept_Claves_Interfaces_POO_AP.csproj", "{8B9BF488-BB20-47BF-92BD-68E9CF2C87E4}"
EndProject
Global
	GlobalSection(SolutionConfigurationPlatforms) = preSolution
		Debug|Any CPU = Debug|Any CPU
		Release|Any CPU = Release|Any CPU
	EndGlobalSection
	GlobalSection(ProjectConfigurationPlatforms) = postSolution
		{8B9BF488-BB20-47BF-92BD-68E9CF2C87E4}.Debug|Any CPU.ActiveCfg = Debug|Any CPU
		{8B9BF488-BB20-47BF-92BD-68E9CF2C87E4}.Debug|Any CPU.Build.0 = Debug|Any CPU
		{8B9BF488-BB20-47BF-92BD-68E9CF2C87E4}.Release|Any CPU.ActiveCfg = Release|Any CPU
		{8B9BF488-BB20-47BF-92BD-68E9CF2C87E4}.Release|Any CPU.Build.0 = Release|Any CPU
	EndGlobalSection
	GlobalSection(SolutionProperties) = preSolution
		HideSolutionNode = FALSE
	EndGlobalSection
	GlobalSection(ExtensibilityGlobals) = postSolution
		SolutionGuid = {A9192346-CC10-417A-BA1B-308287A24C25}
	EndGlobalSection
EndGlobal
